
Microsoft Visual Studio Solution File, Format Version 12.00
Project("{FAE04EC0-301F-11D3-BF4B-00C04F79EFBC}") = "Cronofy.Api", "src\Cronofy.Api\Cronofy.Api.csproj", "{B886A90E-32BA-46E3-A9DC-0622A538BDDD}"
EndProject
Project("{2150E333-8FDC-42A3-9474-1A3956D46DE8}") = "src", "src", "{2D86F18A-4694-4F7E-9701-0E590DAFCB2F}"
EndProject
Project("{2150E333-8FDC-42A3-9474-1A3956D46DE8}") = "tests", "tests", "{EC110462-FF3E-4AD2-8B2B-356A0DCCF111}"
EndProject
Project("{2150E333-8FDC-42A3-9474-1A3956D46DE8}") = "SolutionFolder", "SolutionFolder", "{8C365FFB-9248-4B51-9EF9-8BBA31093F02}"
	ProjectSection(SolutionItems) = preProject
		.gitignore = .gitignore
		Cronofy.Api.sln.DotSettings = Cronofy.Api.sln.DotSettings
		README.md = README.md
	EndProjectSection
EndProject
Project("{FAE04EC0-301F-11D3-BF4B-00C04F79EFBC}") = "Cronofy.Domain", "src\Cronofy.Domain\Cronofy.Domain.csproj", "{B3D98E55-EE4D-4017-A080-0E64FCE6EE86}"
EndProject
Project("{FAE04EC0-301F-11D3-BF4B-00C04F79EFBC}") = "Cronofy.Infrastructure", "src\Cronofy.Infrastructure\Cronofy.Infrastructure.csproj", "{6229AB75-DE6D-4D14-A3A5-1AD0404C25AF}"
EndProject
Project("{FAE04EC0-301F-11D3-BF4B-00C04F79EFBC}") = "Cronofy.Application", "src\Cronofy.Application\Cronofy.Application.csproj", "{333B347B-91C7-425E-86F8-9F200F34F40E}"
EndProject
Project("{FAE04EC0-301F-11D3-BF4B-00C04F79EFBC}") = "Cronofy.Domain.Tests", "tests\Cronofy.Domain.Tests\Cronofy.Domain.Tests.csproj", "{23781229-B6DD-4A96-8AA0-F60CFBBF37BD}"
EndProject
Global
	GlobalSection(SolutionConfigurationPlatforms) = preSolution
		Debug|Any CPU = Debug|Any CPU
		Debug|x64 = Debug|x64
		Release|Any CPU = Release|Any CPU
	EndGlobalSection
	GlobalSection(ProjectConfigurationPlatforms) = postSolution
		{B886A90E-32BA-46E3-A9DC-0622A538BDDD}.Debug|Any CPU.ActiveCfg = Debug|Any CPU
		{B886A90E-32BA-46E3-A9DC-0622A538BDDD}.Debug|Any CPU.Build.0 = Debug|Any CPU
		{B886A90E-32BA-46E3-A9DC-0622A538BDDD}.Release|Any CPU.ActiveCfg = Release|Any CPU
		{B886A90E-32BA-46E3-A9DC-0622A538BDDD}.Release|Any CPU.Build.0 = Release|Any CPU
		{B886A90E-32BA-46E3-A9DC-0622A538BDDD}.Debug|x64.ActiveCfg = Debug|x64
		{B886A90E-32BA-46E3-A9DC-0622A538BDDD}.Debug|x64.Build.0 = Debug|x64
		{B3D98E55-EE4D-4017-A080-0E64FCE6EE86}.Debug|Any CPU.ActiveCfg = Debug|Any CPU
		{B3D98E55-EE4D-4017-A080-0E64FCE6EE86}.Debug|Any CPU.Build.0 = Debug|Any CPU
		{B3D98E55-EE4D-4017-A080-0E64FCE6EE86}.Release|Any CPU.ActiveCfg = Release|Any CPU
		{B3D98E55-EE4D-4017-A080-0E64FCE6EE86}.Release|Any CPU.Build.0 = Release|Any CPU
		{B3D98E55-EE4D-4017-A080-0E64FCE6EE86}.Debug|x64.ActiveCfg = Debug|x64
		{B3D98E55-EE4D-4017-A080-0E64FCE6EE86}.Debug|x64.Build.0 = Debug|x64
		{6229AB75-DE6D-4D14-A3A5-1AD0404C25AF}.Debug|Any CPU.ActiveCfg = Debug|Any CPU
		{6229AB75-DE6D-4D14-A3A5-1AD0404C25AF}.Debug|Any CPU.Build.0 = Debug|Any CPU
		{6229AB75-DE6D-4D14-A3A5-1AD0404C25AF}.Release|Any CPU.ActiveCfg = Release|Any CPU
		{6229AB75-DE6D-4D14-A3A5-1AD0404C25AF}.Release|Any CPU.Build.0 = Release|Any CPU
		{6229AB75-DE6D-4D14-A3A5-1AD0404C25AF}.Debug|x64.ActiveCfg = Debug|x64
		{6229AB75-DE6D-4D14-A3A5-1AD0404C25AF}.Debug|x64.Build.0 = Debug|x64
		{333B347B-91C7-425E-86F8-9F200F34F40E}.Debug|Any CPU.ActiveCfg = Debug|Any CPU
		{333B347B-91C7-425E-86F8-9F200F34F40E}.Debug|Any CPU.Build.0 = Debug|Any CPU
		{333B347B-91C7-425E-86F8-9F200F34F40E}.Release|Any CPU.ActiveCfg = Release|Any CPU
		{333B347B-91C7-425E-86F8-9F200F34F40E}.Release|Any CPU.Build.0 = Release|Any CPU
		{333B347B-91C7-425E-86F8-9F200F34F40E}.Debug|x64.ActiveCfg = Debug|x64
		{333B347B-91C7-425E-86F8-9F200F34F40E}.Debug|x64.Build.0 = Debug|x64
		{23781229-B6DD-4A96-8AA0-F60CFBBF37BD}.Debug|Any CPU.ActiveCfg = Debug|Any CPU
		{23781229-B6DD-4A96-8AA0-F60CFBBF37BD}.Debug|Any CPU.Build.0 = Debug|Any CPU
		{23781229-B6DD-4A96-8AA0-F60CFBBF37BD}.Debug|x64.ActiveCfg = Debug|Any CPU
		{23781229-B6DD-4A96-8AA0-F60CFBBF37BD}.Debug|x64.Build.0 = Debug|Any CPU
		{23781229-B6DD-4A96-8AA0-F60CFBBF37BD}.Release|Any CPU.ActiveCfg = Release|Any CPU
		{23781229-B6DD-4A96-8AA0-F60CFBBF37BD}.Release|Any CPU.Build.0 = Release|Any CPU
	EndGlobalSection
	GlobalSection(NestedProjects) = preSolution
		{B886A90E-32BA-46E3-A9DC-0622A538BDDD} = {2D86F18A-4694-4F7E-9701-0E590DAFCB2F}
		{B3D98E55-EE4D-4017-A080-0E64FCE6EE86} = {2D86F18A-4694-4F7E-9701-0E590DAFCB2F}
		{6229AB75-DE6D-4D14-A3A5-1AD0404C25AF} = {2D86F18A-4694-4F7E-9701-0E590DAFCB2F}
		{333B347B-91C7-425E-86F8-9F200F34F40E} = {2D86F18A-4694-4F7E-9701-0E590DAFCB2F}
		{23781229-B6DD-4A96-8AA0-F60CFBBF37BD} = {EC110462-FF3E-4AD2-8B2B-356A0DCCF111}
	EndGlobalSection
EndGlobal
